
Microsoft Visual Studio Solution File, Format Version 12.00
# Visual Studio Version 17
VisualStudioVersion = 17.0.31903.59
MinimumVisualStudioVersion = 10.0.40219.1
Project("{2150E333-8FDC-42A3-9474-1A3956D46DE8}") = "Backend", "Backend", "{F1DA75FC-2A5F-4CF0-AF67-979822A75727}"
EndProject
Project("{FAE04EC0-301F-11D3-BF4B-00C04F79EFBC}") = "UltraBackend", "Backend\UltraBackend\UltraBackend.csproj", "{BD641224-C790-4FB6-8939-9412910580ED}"
EndProject
Global
	GlobalSection(SolutionConfigurationPlatforms) = preSolution
		Debug|Any CPU = Debug|Any CPU
		Release|Any CPU = Release|Any CPU
	EndGlobalSection
	GlobalSection(SolutionProperties) = preSolution
		HideSolutionNode = FALSE
	EndGlobalSection
	GlobalSection(ProjectConfigurationPlatforms) = postSolution
		{BD641224-C790-4FB6-8939-9412910580ED}.Debug|Any CPU.ActiveCfg = Debug|Any CPU
		{BD641224-C790-4FB6-8939-9412910580ED}.Debug|Any CPU.Build.0 = Debug|Any CPU
		{BD641224-C790-4FB6-8939-9412910580ED}.Release|Any CPU.ActiveCfg = Release|Any CPU
		{BD641224-C790-4FB6-8939-9412910580ED}.Release|Any CPU.Build.0 = Release|Any CPU
	EndGlobalSection
	GlobalSection(NestedProjects) = preSolution
		{BD641224-C790-4FB6-8939-9412910580ED} = {F1DA75FC-2A5F-4CF0-AF67-979822A75727}
	EndGlobalSection
EndGlobal
